
Microsoft Visual Studio Solution File, Format Version 12.00
# Visual Studio Version 16
VisualStudioVersion = 25.0.1706.8
MinimumVisualStudioVersion = 10.0.40219.1
Project("{FAE04EC0-301F-11D3-BF4B-00C04F79EFBC}") = "LoanApplicationAPI", "LoanApplicationAPI.csproj", "{12BA0912-F3F3-4297-B619-C9E94DD6DCC4}"
EndProject
Project("{2150E333-8FDC-42A3-9474-1A3956D46DE8}") = "Solution Items", "Solution Items", "{7E4A4E89-AFA4-4BC2-999C-81AA0A6F2C3B}"
	ProjectSection(SolutionItems) = preProject
		README.md = README.md
	EndProjectSection
EndProject
Global
	GlobalSection(SolutionConfigurationPlatforms) = preSolution
		Debug|Any CPU = Debug|Any CPU
		Release|Any CPU = Release|Any CPU
	EndGlobalSection
	GlobalSection(ProjectConfigurationPlatforms) = postSolution
		{12BA0912-F3F3-4297-B619-C9E94DD6DCC4}.Debug|Any CPU.ActiveCfg = Debug|Any CPU
		{12BA0912-F3F3-4297-B619-C9E94DD6DCC4}.Debug|Any CPU.Build.0 = Debug|Any CPU
		{12BA0912-F3F3-4297-B619-C9E94DD6DCC4}.Release|Any CPU.ActiveCfg = Release|Any CPU
		{12BA0912-F3F3-4297-B619-C9E94DD6DCC4}.Release|Any CPU.Build.0 = Release|Any CPU
	EndGlobalSection
	GlobalSection(SolutionProperties) = preSolution
		HideSolutionNode = FALSE
	EndGlobalSection
	GlobalSection(ExtensibilityGlobals) = postSolution
		SolutionGuid = {CFBB3597-5B69-4F94-83CD-9F6DF1746C1C}
	EndGlobalSection
EndGlobal
